%{
  "bimap": {:hex, :bimap, "1.0.0", "80b707adb832cc7670309c85757caf3493b29a3e484cc6eafd65fceaeb107c05", [:mix], [], "hexpm"},
  "bunch": {:hex, :bunch, "1.1.0", "bf9ca22c788ad4f486afb4d6d5e1211ab09cbee473c5cf370e6e550b1df4bc4b", [:mix], [], "hexpm"},
  "bunch_native": {:hex, :bunch_native, "0.2.0", "287a1e3af526df95f3e623faea1c67a7efb4d78ffb827c7a9018ae7528adc29f", [:mix], [{:bundlex, "~> 0.2.0", [hex: :bundlex, repo: "hexpm", optional: false]}], "hexpm"},
  "bundlex": {:hex, :bundlex, "0.2.6", "230472e4654da17f004a7e4257dfa2ba0caf6945dcbc24e92bd01aa1578b2303", [:mix], [{:bunch, "~> 1.0", [hex: :bunch, repo: "hexpm", optional: false]}, {:qex, "~> 0.5", [hex: :qex, repo: "hexpm", optional: false]}, {:secure_random, "~> 0.5", [hex: :secure_random, repo: "hexpm", optional: false]}], "hexpm"},
  "expcap": {:git, "https://github.com/Hajto/expcap.git", "0608702b7e22c1f3206014dbe3e1d313cdc17f1c", []},
  "heap": {:hex, :heap, "2.0.2", "d98cb178286cfeb5edbcf17785e2d20af73ca57b5a2cf4af584118afbcf917eb", [:mix], [], "hexpm"},
  "membrane_caps_audio_mpeg": {:hex, :membrane_caps_audio_mpeg, "0.2.0", "9cf9a63f03e25b31cf31445325aa68e60a07d36ee1e759caa1422fa45df49367", [:mix], [], "hexpm"},
  "membrane_caps_audio_raw": {:hex, :membrane_caps_audio_raw, "0.1.4", "c73de4177b030f2efb26ab42d6a831cc8b6cc683e233c3378be70cde10c751e6", [:mix], [{:bimap, "~> 1.0", [hex: :bimap, repo: "hexpm", optional: false]}, {:bunch, "~> 0.1", [hex: :bunch, repo: "hexpm", optional: false]}, {:membrane_core, "~> 0.2", [hex: :membrane_core, repo: "hexpm", optional: false]}], "hexpm"},
  "membrane_caps_rtp": {:hex, :membrane_caps_rtp, "0.1.0", "a6fcdac65d81c4a59d068c7b18fa90a0dc27b2ca21261e279c97dd3fea80ce55", [:mix], [], "hexpm"},
  "membrane_caps_video_h264": {:hex, :membrane_caps_video_h264, "0.1.0", "d10eb30fdc00175aaeb4bb0d5cb4c031cc319e29330b5585bef2044352161584", [:mix], [], "hexpm"},
  "membrane_caps_video_raw": {:hex, :membrane_caps_video_raw, "0.1.0", "6aa751b0c338ea6672540b7ec7ad2be0d23bad931b8a8776757da9b279070a3b", [:mix], [], "hexpm"},
  "membrane_common_c": {:hex, :membrane_common_c, "0.2.3", "391c1a96b9434e1dea90845bfeafc197ce5f2a2507a5a7af06773e73e1e086e8", [:mix], [{:bundlex, "~> 0.2.0", [hex: :bundlex, repo: "hexpm", optional: false]}, {:membrane_core, "~> 0.3.0", [hex: :membrane_core, repo: "hexpm", optional: false]}, {:shmex, "~> 0.2.0", [hex: :shmex, repo: "hexpm", optional: false]}, {:unifex, "~> 0.2.0", [hex: :unifex, repo: "hexpm", optional: false]}], "hexpm"},
  "membrane_core": {:hex, :membrane_core, "0.3.0", "21a490e296dcb0c300735cf9fe2296b60c189a79eedf01ec2f3b6b77211269d9", [:mix], [{:bunch, "~> 1.1", [hex: :bunch, repo: "hexpm", optional: false]}, {:qex, "~> 0.3", [hex: :qex, repo: "hexpm", optional: false]}], "hexpm"},
  "membrane_element_ffmpeg_h264": {:hex, :membrane_element_ffmpeg_h264, "0.1.2", "14f35ec8946f86ec0ae778c5534ccfb568a7101f54abaddcd6de0b9c7baa51ee", [:mix], [{:bunch, "~> 1.0", [hex: :bunch, repo: "hexpm", optional: false]}, {:bundlex, "~> 0.2.0", [hex: :bundlex, repo: "hexpm", optional: false]}, {:membrane_caps_video_h264, "~> 0.1.0", [hex: :membrane_caps_video_h264, repo: "hexpm", optional: false]}, {:membrane_caps_video_raw, "~> 0.1.0", [hex: :membrane_caps_video_raw, repo: "hexpm", optional: false]}, {:membrane_common_c, "~> 0.2.0", [hex: :membrane_common_c, repo: "hexpm", optional: false]}, {:membrane_core, "~> 0.3.0", [hex: :membrane_core, repo: "hexpm", optional: false]}, {:unifex, "~> 0.2.0", [hex: :unifex, repo: "hexpm", optional: false]}], "hexpm"},
  "membrane_element_ffmpeg_swresample": {:hex, :membrane_element_ffmpeg_swresample, "0.2.1", "09e305b762c3a88a36d73fe38f45fe18a30a37a682988098eee78a0bb8e66c35", [:mix], [{:bunch, "~> 0.1.2", [hex: :bunch, repo: "hexpm", optional: false]}, {:bundlex, "~> 0.1", [hex: :bundlex, repo: "hexpm", optional: false]}, {:membrane_caps_audio_raw, "~> 0.1", [hex: :membrane_caps_audio_raw, repo: "hexpm", optional: false]}, {:membrane_common_c, "~> 0.2", [hex: :membrane_common_c, repo: "hexpm", optional: false]}, {:membrane_core, "~> 0.2", [hex: :membrane_core, repo: "hexpm", optional: false]}, {:mockery, "~> 2.1", [hex: :mockery, repo: "hexpm", optional: false]}, {:unifex, "~> 0.1", [hex: :unifex, repo: "hexpm", optional: false]}], "hexpm"},
  "membrane_element_file": {:hex, :membrane_element_file, "0.2.3", "e8134811a730601b5096284aac4793ceb31f1755baf20ee2649db9e403d2ef46", [:mix], [{:membrane_core, "~> 0.3.0", [hex: :membrane_core, repo: "hexpm", optional: false]}, {:mockery, "~> 2.2", [hex: :mockery, repo: "hexpm", optional: false]}], "hexpm"},
  "membrane_element_mad": {:hex, :membrane_element_mad, "0.2.0", "d3219fde41f5c92b610b757e9d774162e8d2025dcb47cc83913c4ffb29b3aaca", [:mix], [{:bunch, "~> 0.1.2", [hex: :bunch, repo: "hexpm", optional: false]}, {:bundlex, "~> 0.1", [hex: :bundlex, repo: "hexpm", optional: false]}, {:membrane_caps_audio_mpeg, "~> 0.1", [hex: :membrane_caps_audio_mpeg, repo: "hexpm", optional: false]}, {:membrane_caps_audio_raw, "~> 0.1.2", [hex: :membrane_caps_audio_raw, repo: "hexpm", optional: false]}, {:membrane_common_c, "~> 0.2", [hex: :membrane_common_c, repo: "hexpm", optional: false]}, {:membrane_core, "~> 0.2", [hex: :membrane_core, repo: "hexpm", optional: false]}, {:unifex, "~> 0.1", [hex: :unifex, repo: "hexpm", optional: false]}], "hexpm"},
  "membrane_element_mpegaudioparse": {:hex, :membrane_element_mpegaudioparse, "0.2.1", "b51c96df2c9f30e56c6c3fe1b653146ecfb49c4845fa5b59fc1fad693732eb68", [:mix], [{:membrane_caps_audio_mpeg, "~> 0.2", [hex: :membrane_caps_audio_mpeg, repo: "hexpm", optional: false]}, {:membrane_core, "~> 0.2", [hex: :membrane_core, repo: "hexpm", optional: false]}], "hexpm"},
  "membrane_element_pcap": {:git, "https://github.com/membraneframework/membrane-element-pcap.git", "1b45ed225eaeffb3c75b1082b7cc6307979353c0", []},
  "membrane_element_portaudio": {:hex, :membrane_element_portaudio, "0.2.0", "17f2577db6601dfa62ecb602f24c69b286e9b08331164a78f1c6005e4fc107bf", [:mix], [{:bunch, "~> 0.1.2", [hex: :bunch, repo: "hexpm", optional: false]}, {:bundlex, "~> 0.1.3", [hex: :bundlex, repo: "hexpm", optional: false]}, {:membrane_caps_audio_raw, "~> 0.1.3", [hex: :membrane_caps_audio_raw, repo: "hexpm", optional: false]}, {:membrane_common_c, "~> 0.2.0", [hex: :membrane_common_c, repo: "hexpm", optional: false]}, {:membrane_core, "~> 0.2.0", [hex: :membrane_core, repo: "hexpm", optional: false]}, {:mockery, "~> 2.1", [hex: :mockery, repo: "hexpm", optional: false]}, {:unifex, "~> 0.1.0", [hex: :unifex, repo: "hexpm", optional: false]}], "hexpm"},
  "membrane_element_rtp": {:hex, :membrane_element_rtp, "0.2.0", "93ed3679b542bbee56e08a5fc60121b624a5d2778985a35bde5ad9f535ed7c75", [:mix], [{:membrane_caps_rtp, "~> 0.1", [hex: :membrane_caps_rtp, repo: "hexpm", optional: false]}, {:membrane_core, "~> 0.3", [hex: :membrane_core, repo: "hexpm", optional: false]}], "hexpm"},
  "membrane_element_rtp_h264": {:hex, :membrane_element_rtp_h264, "0.1.0", "0dbf84acaf45bb4c9c4a2dfcc4084def930e015d1659b7aa590711cb18a79d36", [:mix], [{:bunch, "~> 1.0", [hex: :bunch, repo: "hexpm", optional: false]}, {:membrane_caps_rtp, "~> 0.1", [hex: :membrane_caps_rtp, repo: "hexpm", optional: false]}, {:membrane_caps_video_h264, "~> 0.1", [hex: :membrane_caps_video_h264, repo: "hexpm", optional: false]}, {:membrane_core, "~> 0.3", [hex: :membrane_core, repo: "hexpm", optional: false]}, {:membrane_loggers, "~> 0.2", [hex: :membrane_loggers, repo: "hexpm", optional: false]}], "hexpm"},
  "membrane_element_rtp_jitter_buffer": {:hex, :membrane_element_rtp_jitter_buffer, "0.1.0", "2d4e5452d6e3a52556305eb3d05f32f072dcbbb8c6b0b9c96c356e661ca27b15", [:mix], [{:bunch, "~> 1.0", [hex: :bunch, repo: "hexpm", optional: false]}, {:heap, "~> 2.0.2", [hex: :heap, repo: "hexpm", optional: false]}, {:membrane_caps_rtp, "~> 0.1", [hex: :membrane_caps_rtp, repo: "hexpm", optional: false]}, {:membrane_core, "~> 0.3", [hex: :membrane_core, repo: "hexpm", optional: false]}], "hexpm"},
  "membrane_element_sdl": {:git, "https://github.com/membraneframework/membrane-element-sdl.git", "8a6d0e5050489a55e7458a1cd4824506eca6c404", []},
  "membrane_element_udp": {:hex, :membrane_element_udp, "0.2.0", "6fc7f3485802f0f34988f8ab7d29c72e64398cf706629e8991910544f5e33296", [:mix], [{:membrane_core, "~> 0.3", [hex: :membrane_core, repo: "hexpm", optional: false]}, {:mockery, "~> 2.3.0", [hex: :mockery, repo: "hexpm", optional: false]}], "hexpm"},
  "membrane_loggers": {:hex, :membrane_loggers, "0.2.5", "f0178a40d9f532e2ebcd838bd2327236dd65e416b19adba8738d6c44a479ad9f", [:mix], [{:bunch_native, "~> 0.2.0", [hex: :bunch_native, repo: "hexpm", optional: false]}, {:bundlex, "~> 0.2.0", [hex: :bundlex, repo: "hexpm", optional: false]}, {:membrane_common_c, "~> 0.2.2", [hex: :membrane_common_c, repo: "hexpm", optional: false]}, {:membrane_core, "~> 0.3.0", [hex: :membrane_core, repo: "hexpm", optional: false]}], "hexpm"},
  "mockery": {:hex, :mockery, "2.3.0", "f1af3976916e7402427116f491e3038a251857de8f0836952c2fa24ad6de4317", [:mix], [], "hexpm"},
  "pkt": {:git, "https://github.com/msantos/pkt.git", "c9435223391c1757dfbe439ea784b48b5427e009", []},
  "porcelain": {:hex, :porcelain, "2.0.3", "2d77b17d1f21fed875b8c5ecba72a01533db2013bd2e5e62c6d286c029150fdc", [:mix], [], "hexpm"},
  "qex": {:hex, :qex, "0.5.0", "5a3a9becf67d4006377c4c247ffdaaa8ae5b3634a0caadb788dc24d6125068f4", [:mix], [], "hexpm"},
  "secure_random": {:hex, :secure_random, "0.5.1", "c5532b37c89d175c328f5196a0c2a5680b15ebce3e654da37129a9fe40ebf51b", [:mix], [], "hexpm"},
  "shmex": {:hex, :shmex, "0.2.0", "2dc5e3919171e69993729fab2eee5bde6b679a4c7da91fd88e41c4254cc65fef", [:mix], [{:bunch_native, "~> 0.2.0", [hex: :bunch_native, repo: "hexpm", optional: false]}, {:bundlex, "~> 0.2.4", [hex: :bundlex, repo: "hexpm", optional: false]}], "hexpm"},
  "unifex": {:hex, :unifex, "0.2.5", "a279c09e0bc2a9a50b5fa0552c36783964601f803bb27813122bb17a03be4ebf", [:mix], [{:bunch, "~> 1.0", [hex: :bunch, repo: "hexpm", optional: false]}, {:bundlex, "~> 0.2.0", [hex: :bundlex, repo: "hexpm", optional: false]}, {:shmex, "~> 0.2.0", [hex: :shmex, repo: "hexpm", optional: false]}], "hexpm"},
}
